// !$*UTF8*$!
{
	archiveVersion = 1;
	classes = {
	};
	objectVersion = 55;
	objects = {

/* Begin PBXBuildFile section */
		3CC6293B2717A962006F516B /* JSON_projectApp.swift in Sources */ = {isa = PBXBuildFile; fileRef = 3CC6293A2717A962006F516B /* JSON_projectApp.swift */; };
		3CC6293D2717A962006F516B /* ContentView.swift in Sources */ = {isa = PBXBuildFile; fileRef = 3CC6293C2717A962006F516B /* ContentView.swift */; };
		3CC6293F2717A967006F516B /* Assets.xcassets in Resources */ = {isa = PBXBuildFile; fileRef = 3CC6293E2717A967006F516B /* Assets.xcassets */; };
		3CC629422717A967006F516B /* Preview Assets.xcassets in Resources */ = {isa = PBXBuildFile; fileRef = 3CC629412717A967006F516B /* Preview Assets.xcassets */; };
		3CC6294A2717A9B9006F516B /* APIconstants.swift in Sources */ = {isa = PBXBuildFile; fileRef = 3CC629492717A9B9006F516B /* APIconstants.swift */; };
		3CC629502717AB22006F516B /* Deatil.swift in Sources */ = {isa = PBXBuildFile; fileRef = 3CC6294F2717AB22006F516B /* Deatil.swift */; };
		3CC629552717AF83006F516B /* InformationScreen.swift in Sources */ = {isa = PBXBuildFile; fileRef = 3CC629542717AF83006F516B /* InformationScreen.swift */; };
/* End PBXBuildFile section */

/* Begin PBXFileReference section */
		3CC629372717A962006F516B /* JSON-project.app */ = {isa = PBXFileReference; explicitFileType = wrapper.application; includeInIndex = 0; path = "JSON-project.app"; sourceTree = BUILT_PRODUCTS_DIR; };
		3CC6293A2717A962006F516B /* JSON_projectApp.swift */ = {isa = PBXFileReference; lastKnownFileType = sourcecode.swift; path = JSON_projectApp.swift; sourceTree = "<group>"; };
		3CC6293C2717A962006F516B /* ContentView.swift */ = {isa = PBXFileReference; lastKnownFileType = sourcecode.swift; path = ContentView.swift; sourceTree = "<group>"; };
		3CC6293E2717A967006F516B /* Assets.xcassets */ = {isa = PBXFileReference; lastKnownFileType = folder.assetcatalog; path = Assets.xcassets; sourceTree = "<group>"; };
		3CC629412717A967006F516B /* Preview Assets.xcassets */ = {isa = PBXFileReference; lastKnownFileType = folder.assetcatalog; path = "Preview Assets.xcassets"; sourceTree = "<group>"; };
		3CC629492717A9B9006F516B /* APIconstants.swift */ = {isa = PBXFileReference; lastKnownFileType = sourcecode.swift; path = APIconstants.swift; sourceTree = "<group>"; };
		3CC6294F2717AB22006F516B /* Deatil.swift */ = {isa = PBXFileReference; lastKnownFileType = sourcecode.swift; path = Deatil.swift; sourceTree = "<group>"; };
		3CC629542717AF83006F516B /* InformationScreen.swift */ = {isa = PBXFileReference; lastKnownFileType = sourcecode.swift; path = InformationScreen.swift; sourceTree = "<group>"; };
/* End PBXFileReference section */

/* Begin PBXFrameworksBuildPhase section */
		3CC629342717A962006F516B /* Frameworks */ = {
			isa = PBXFrameworksBuildPhase;
			buildActionMask = 2147483647;
			files = (
			);
			runOnlyForDeploymentPostprocessing = 0;
		};
/* End PBXFrameworksBuildPhase section */

/* Begin PBXGroup section */
		3CC6292E2717A962006F516B = {
			isa = PBXGroup;
			children = (
				3CC629392717A962006F516B /* JSON-project */,
				3CC629382717A962006F516B /* Products */,
			);
			sourceTree = "<group>";
		};
		3CC629382717A962006F516B /* Products */ = {
			isa = PBXGroup;
			children = (
				3CC629372717A962006F516B /* JSON-project.app */,
			);
			name = Products;
			sourceTree = "<group>";
		};
		3CC629392717A962006F516B /* JSON-project */ = {
			isa = PBXGroup;
			children = (
				3CC6294B2717AAAD006F516B /* Feature */,
				3CC629482717A985006F516B /* Constants */,
				3CC6293A2717A962006F516B /* JSON_projectApp.swift */,
				3CC6293C2717A962006F516B /* ContentView.swift */,
				3CC6293E2717A967006F516B /* Assets.xcassets */,
				3CC629402717A967006F516B /* Preview Content */,
			);
			path = "JSON-project";
			sourceTree = "<group>";
		};
		3CC629402717A967006F516B /* Preview Content */ = {
			isa = PBXGroup;
			children = (
				3CC629412717A967006F516B /* Preview Assets.xcassets */,
			);
			path = "Preview Content";
			sourceTree = "<group>";
		};
		3CC629482717A985006F516B /* Constants */ = {
			isa = PBXGroup;
			children = (
				3CC629492717A9B9006F516B /* APIconstants.swift */,
			);
			path = Constants;
			sourceTree = "<group>";
		};
		3CC6294B2717AAAD006F516B /* Feature */ = {
			isa = PBXGroup;
			children = (
				3CC6294C2717AAD6006F516B /* Information */,
			);
			path = Feature;
			sourceTree = "<group>";
		};
		3CC6294C2717AAD6006F516B /* Information */ = {
			isa = PBXGroup;
			children = (
				3CC629512717AF45006F516B /* Screen */,
				3CC6294D2717AAEA006F516B /* Model */,
			);
			path = Information;
			sourceTree = "<group>";
		};
		3CC6294D2717AAEA006F516B /* Model */ = {
			isa = PBXGroup;
			children = (
				3CC6294F2717AB22006F516B /* Deatil.swift */,
			);
			path = Model;
			sourceTree = "<group>";
		};
		3CC629512717AF45006F516B /* Screen */ = {
			isa = PBXGroup;
			children = (
				3CC629542717AF83006F516B /* InformationScreen.swift */,
			);
			path = Screen;
			sourceTree = "<group>";
		};
/* End PBXGroup section */

/* Begin PBXNativeTarget section */
		3CC629362717A962006F516B /* JSON-project */ = {
			isa = PBXNativeTarget;
			buildConfigurationList = 3CC629452717A967006F516B /* Build configuration list for PBXNativeTarget "JSON-project" */;
			buildPhases = (
				3CC629332717A962006F516B /* Sources */,
				3CC629342717A962006F516B /* Frameworks */,
				3CC629352717A962006F516B /* Resources */,
			);
			buildRules = (
			);
			dependencies = (
			);
			name = "JSON-project";
			productName = "JSON-project";
			productReference = 3CC629372717A962006F516B /* JSON-project.app */;
			productType = "com.apple.product-type.application";
		};
/* End PBXNativeTarget section */

/* Begin PBXProject section */
		3CC6292F2717A962006F516B /* Project object */ = {
			isa = PBXProject;
			attributes = {
				BuildIndependentTargetsInParallel = 1;
				LastSwiftUpdateCheck = 1300;
				LastUpgradeCheck = 1300;
				TargetAttributes = {
					3CC629362717A962006F516B = {
						CreatedOnToolsVersion = 13.0;
					};
				};
			};
			buildConfigurationList = 3CC629322717A962006F516B /* Build configuration list for PBXProject "JSON-project" */;
			compatibilityVersion = "Xcode 13.0";
			developmentRegion = en;
			hasScannedForEncodings = 0;
			knownRegions = (
				en,
				Base,
			);
			mainGroup = 3CC6292E2717A962006F516B;
			productRefGroup = 3CC629382717A962006F516B /* Products */;
			projectDirPath = "";
			projectRoot = "";
			targets = (
				3CC629362717A962006F516B /* JSON-project */,
			);
		};
/* End PBXProject section */

/* Begin PBXResourcesBuildPhase section */
		3CC629352717A962006F516B /* Resources */ = {
			isa = PBXResourcesBuildPhase;
			buildActionMask = 2147483647;
			files = (
				3CC629422717A967006F516B /* Preview Assets.xcassets in Resources */,
				3CC6293F2717A967006F516B /* Assets.xcassets in Resources */,
			);
			runOnlyForDeploymentPostprocessing = 0;
		};
/* End PBXResourcesBuildPhase section */

/* Begin PBXSourcesBuildPhase section */
		3CC629332717A962006F516B /* Sources */ = {
			isa = PBXSourcesBuildPhase;
			buildActionMask = 2147483647;
			files = (
				3CC6293D2717A962006F516B /* ContentView.swift in Sources */,
				3CC6294A2717A9B9006F516B /* APIconstants.swift in Sources */,
				3CC629502717AB22006F516B /* Deatil.swift in Sources */,
				3CC629552717AF83006F516B /* InformationScreen.swift in Sources */,
				3CC6293B2717A962006F516B /* JSON_projectApp.swift in Sources */,
			);
			runOnlyForDeploymentPostprocessing = 0;
		};
/* End PBXSourcesBuildPhase section */

/* Begin XCBuildConfiguration section */
		3CC629432717A967006F516B /* Debug */ = {
			isa = XCBuildConfiguration;
			buildSettings = {
				ALWAYS_SEARCH_USER_PATHS = NO;
				CLANG_ANALYZER_NONNULL = YES;
				CLANG_ANALYZER_NUMBER_OBJECT_CONVERSION = YES_AGGRESSIVE;
				CLANG_CXX_LANGUAGE_STANDARD = "gnu++17";
				CLANG_CXX_LIBRARY = "libc++";
				CLANG_ENABLE_MODULES = YES;
				CLANG_ENABLE_OBJC_ARC = YES;
				CLANG_ENABLE_OBJC_WEAK = YES;
				CLANG_WARN_BLOCK_CAPTURE_AUTORELEASING = YES;
				CLANG_WARN_BOOL_CONVERSION = YES;
				CLANG_WARN_COMMA = YES;
				CLANG_WARN_CONSTANT_CONVERSION = YES;
				CLANG_WARN_DEPRECATED_OBJC_IMPLEMENTATIONS = YES;
				CLANG_WARN_DIRECT_OBJC_ISA_USAGE = YES_ERROR;
				CLANG_WARN_DOCUMENTATION_COMMENTS = YES;
				CLANG_WARN_EMPTY_BODY = YES;
				CLANG_WARN_ENUM_CONVERSION = YES;
				CLANG_WARN_INFINITE_RECURSION = YES;
				CLANG_WARN_INT_CONVERSION = YES;
				CLANG_WARN_NON_LITERAL_NULL_CONVERSION = YES;
				CLANG_WARN_OBJC_IMPLICIT_RETAIN_SELF = YES;
				CLANG_WARN_OBJC_LITERAL_CONVERSION = YES;
				CLANG_WARN_OBJC_ROOT_CLASS = YES_ERROR;
				CLANG_WARN_QUOTED_INCLUDE_IN_FRAMEWORK_HEADER = YES;
				CLANG_WARN_RANGE_LOOP_ANALYSIS = YES;
				CLANG_WARN_STRICT_PROTOTYPES = YES;
				CLANG_WARN_SUSPICIOUS_MOVE = YES;
				CLANG_WARN_UNGUARDED_AVAILABILITY = YES_AGGRESSIVE;
				CLANG_WARN_UNREACHABLE_CODE = YES;
				CLANG_WARN__DUPLICATE_METHOD_MATCH = YES;
				COPY_PHASE_STRIP = NO;
				DEBUG_INFORMATION_FORMAT = dwarf;
				ENABLE_STRICT_OBJC_MSGSEND = YES;
				ENABLE_TESTABILITY = YES;
				GCC_C_LANGUAGE_STANDARD = gnu11;
				GCC_DYNAMIC_NO_PIC = NO;
				GCC_NO_COMMON_BLOCKS = YES;
				GCC_OPTIMIZATION_LEVEL = 0;
				GCC_PREPROCESSOR_DEFINITIONS = (
					"DEBUG=1",
					"$(inherited)",
				);
				GCC_WARN_64_TO_32_BIT_CONVERSION = YES;
				GCC_WARN_ABOUT_RETURN_TYPE = YES_ERROR;
				GCC_WARN_UNDECLARED_SELECTOR = YES;
				GCC_WARN_UNINITIALIZED_AUTOS = YES_AGGRESSIVE;
				GCC_WARN_UNUSED_FUNCTION = YES;
				GCC_WARN_UNUSED_VARIABLE = YES;
				IPHONEOS_DEPLOYMENT_TARGET = 15.0;
				MTL_ENABLE_DEBUG_INFO = INCLUDE_SOURCE;
				MTL_FAST_MATH = YES;
				ONLY_ACTIVE_ARCH = YES;
				SDKROOT = iphoneos;
				SWIFT_ACTIVE_COMPILATION_CONDITIONS = DEBUG;
				SWIFT_OPTIMIZATION_LEVEL = "-Onone";
			};
			name = Debug;
		};
		3CC629442717A967006F516B /* Release */ = {
			isa = XCBuildConfiguration;
			buildSettings = {
				ALWAYS_SEARCH_USER_PATHS = NO;
				CLANG_ANALYZER_NONNULL = YES;
				CLANG_ANALYZER_NUMBER_OBJECT_CONVERSION = YES_AGGRESSIVE;
				CLANG_CXX_LANGUAGE_STANDARD = "gnu++17";
				CLANG_CXX_LIBRARY = "libc++";
				CLANG_ENABLE_MODULES = YES;
				CLANG_ENABLE_OBJC_ARC = YES;
				CLANG_ENABLE_OBJC_WEAK = YES;
				CLANG_WARN_BLOCK_CAPTURE_AUTORELEASING = YES;
				CLANG_WARN_BOOL_CONVERSION = YES;
				CLANG_WARN_COMMA = YES;
				CLANG_WARN_CONSTANT_CONVERSION = YES;
				CLANG_WARN_DEPRECATED_OBJC_IMPLEMENTATIONS = YES;
				CLANG_WARN_DIRECT_OBJC_ISA_USAGE = YES_ERROR;
				CLANG_WARN_DOCUMENTATION_COMMENTS = YES;
				CLANG_WARN_EMPTY_BODY = YES;
				CLANG_WARN_ENUM_CONVERSION = YES;
				CLANG_WARN_INFINITE_RECURSION = YES;
				CLANG_WARN_INT_CONVERSION = YES;
				CLANG_WARN_NON_LITERAL_NULL_CONVERSION = YES;
				CLANG_WARN_OBJC_IMPLICIT_RETAIN_SELF = YES;
				CLANG_WARN_OBJC_LITERAL_CONVERSION = YES;
				CLANG_WARN_OBJC_ROOT_CLASS = YES_ERROR;
				CLANG_WARN_QUOTED_INCLUDE_IN_FRAMEWORK_HEADER = YES;
				CLANG_WARN_RANGE_LOOP_ANALYSIS = YES;
				CLANG_WARN_STRICT_PROTOTYPES = YES;
				CLANG_WARN_SUSPICIOUS_MOVE = YES;
				CLANG_WARN_UNGUARDED_AVAILABILITY = YES_AGGRESSIVE;
				CLANG_WARN_UNREACHABLE_CODE = YES;
				CLANG_WARN__DUPLICATE_METHOD_MATCH = YES;
				COPY_PHASE_STRIP = NO;
				DEBUG_INFORMATION_FORMAT = "dwarf-with-dsym";
				ENABLE_NS_ASSERTIONS = NO;
				ENABLE_STRICT_OBJC_MSGSEND = YES;
				GCC_C_LANGUAGE_STANDARD = gnu11;
				GCC_NO_COMMON_BLOCKS = YES;
				GCC_WARN_64_TO_32_BIT_CONVERSION = YES;
				GCC_WARN_ABOUT_RETURN_TYPE = YES_ERROR;
				GCC_WARN_UNDECLARED_SELECTOR = YES;
				GCC_WARN_UNINITIALIZED_AUTOS = YES_AGGRESSIVE;
				GCC_WARN_UNUSED_FUNCTION = YES;
				GCC_WARN_UNUSED_VARIABLE = YES;
				IPHONEOS_DEPLOYMENT_TARGET = 15.0;
				MTL_ENABLE_DEBUG_INFO = NO;
				MTL_FAST_MATH = YES;
				SDKROOT = iphoneos;
				SWIFT_COMPILATION_MODE = wholemodule;
				SWIFT_OPTIMIZATION_LEVEL = "-O";
				VALIDATE_PRODUCT = YES;
			};
			name = Release;
		};
		3CC629462717A967006F516B /* Debug */ = {
			isa = XCBuildConfiguration;
			buildSettings = {
				ASSETCATALOG_COMPILER_APPICON_NAME = AppIcon;
				ASSETCATALOG_COMPILER_GLOBAL_ACCENT_COLOR_NAME = AccentColor;
				CODE_SIGN_STYLE = Automatic;
				CURRENT_PROJECT_VERSION = 1;
				DEVELOPMENT_ASSET_PATHS = "\"JSON-project/Preview Content\"";
				DEVELOPMENT_TEAM = 2PUY3827Z7;
				ENABLE_PREVIEWS = YES;
				GENERATE_INFOPLIST_FILE = YES;
				INFOPLIST_KEY_UIApplicationSceneManifest_Generation = YES;
				INFOPLIST_KEY_UIApplicationSupportsIndirectInputEvents = YES;
				INFOPLIST_KEY_UILaunchScreen_Generation = YES;
				INFOPLIST_KEY_UISupportedInterfaceOrientations_iPad = "UIInterfaceOrientationPortrait UIInterfaceOrientationPortraitUpsideDown UIInterfaceOrientationLandscapeLeft UIInterfaceOrientationLandscapeRight";
				INFOPLIST_KEY_UISupportedInterfaceOrientations_iPhone = "UIInterfaceOrientationPortrait UIInterfaceOrientationLandscapeLeft UIInterfaceOrientationLandscapeRight";
				IPHONEOS_DEPLOYMENT_TARGET = 15.0;
				LD_RUNPATH_SEARCH_PATHS = (
					"$(inherited)",
					"@executable_path/Frameworks",
				);
				MARKETING_VERSION = 1.0;
				PRODUCT_BUNDLE_IDENTIFIER = "ca.yiningwang.JSON-project";
				PRODUCT_NAME = "$(TARGET_NAME)";
				SWIFT_EMIT_LOC_STRINGS = YES;
				SWIFT_VERSION = 5.0;
				TARGETED_DEVICE_FAMILY = "1,2";
			};
			name = Debug;
		};
		3CC629472717A967006F516B /* Release */ = {
			isa = XCBuildConfiguration;
			buildSettings = {
				ASSETCATALOG_COMPILER_APPICON_NAME = AppIcon;
				ASSETCATALOG_COMPILER_GLOBAL_ACCENT_COLOR_NAME = AccentColor;
				CODE_SIGN_STYLE = Automatic;
				CURRENT_PROJECT_VERSION = 1;
				DEVELOPMENT_ASSET_PATHS = "\"JSON-project/Preview Content\"";
				DEVELOPMENT_TEAM = 2PUY3827Z7;
				ENABLE_PREVIEWS = YES;
				GENERATE_INFOPLIST_FILE = YES;
				INFOPLIST_KEY_UIApplicationSceneManifest_Generation = YES;
				INFOPLIST_KEY_UIApplicationSupportsIndirectInputEvents = YES;
				INFOPLIST_KEY_UILaunchScreen_Generation = YES;
				INFOPLIST_KEY_UISupportedInterfaceOrientations_iPad = "UIInterfaceOrientationPortrait UIInterfaceOrientationPortraitUpsideDown UIInterfaceOrientationLandscapeLeft UIInterfaceOrientationLandscapeRight";
				INFOPLIST_KEY_UISupportedInterfaceOrientations_iPhone = "UIInterfaceOrientationPortrait UIInterfaceOrientationLandscapeLeft UIInterfaceOrientationLandscapeRight";
				IPHONEOS_DEPLOYMENT_TARGET = 15.0;
				LD_RUNPATH_SEARCH_PATHS = (
					"$(inherited)",
					"@executable_path/Frameworks",
				);
				MARKETING_VERSION = 1.0;
				PRODUCT_BUNDLE_IDENTIFIER = "ca.yiningwang.JSON-project";
				PRODUCT_NAME = "$(TARGET_NAME)";
				SWIFT_EMIT_LOC_STRINGS = YES;
				SWIFT_VERSION = 5.0;
				TARGETED_DEVICE_FAMILY = "1,2";
			};
			name = Release;
		};
/* End XCBuildConfiguration section */

/* Begin XCConfigurationList section */
		3CC629322717A962006F516B /* Build configuration list for PBXProject "JSON-project" */ = {
			isa = XCConfigurationList;
			buildConfigurations = (
				3CC629432717A967006F516B /* Debug */,
				3CC629442717A967006F516B /* Release */,
			);
			defaultConfigurationIsVisible = 0;
			defaultConfigurationName = Release;
		};
		3CC629452717A967006F516B /* Build configuration list for PBXNativeTarget "JSON-project" */ = {
			isa = XCConfigurationList;
			buildConfigurations = (
				3CC629462717A967006F516B /* Debug */,
				3CC629472717A967006F516B /* Release */,
			);
			defaultConfigurationIsVisible = 0;
			defaultConfigurationName = Release;
		};
/* End XCConfigurationList section */
	};
	rootObject = 3CC6292F2717A962006F516B /* Project object */;
}
